// !$*UTF8*$!
{
	archiveVersion = 1;
	classes = {
	};
	objectVersion = 56;
	objects = {

/* Begin PBXBuildFile section */
		3908F4ED2BF92A5A0045C455 /* exploreCard.swift in Sources */ = {isa = PBXBuildFile; fileRef = 3908F4EC2BF92A5A0045C455 /* exploreCard.swift */; };
		3908F4F02BF92F150045C455 /* SDWebImageSwiftUI in Frameworks */ = {isa = PBXBuildFile; productRef = 3908F4EF2BF92F150045C455 /* SDWebImageSwiftUI */; };
		3908F4F22BF92F350045C455 /* Onboarding.swift in Sources */ = {isa = PBXBuildFile; fileRef = 3908F4F12BF92F350045C455 /* Onboarding.swift */; };
		3908F4F42BF92FAD0045C455 /* NewPage.swift in Sources */ = {isa = PBXBuildFile; fileRef = 3908F4F32BF92FAD0045C455 /* NewPage.swift */; };
		3908F4F82BF9305C0045C455 /* Logo3.GIF in Resources */ = {isa = PBXBuildFile; fileRef = 3908F4F62BF9305B0045C455 /* Logo3.GIF */; };
		3908F4F92BF9305C0045C455 /* Logo4.GIF in Resources */ = {isa = PBXBuildFile; fileRef = 3908F4F72BF9305C0045C455 /* Logo4.GIF */; };
		3908F4FC2BF930DA0045C455 /* CloudKitHelper.swift in Sources */ = {isa = PBXBuildFile; fileRef = 3908F4FB2BF930DA0045C455 /* CloudKitHelper.swift */; };
		391F8A182BF33F5500184CFB /* winnersPop.swift in Sources */ = {isa = PBXBuildFile; fileRef = 391F8A172BF33F5500184CFB /* winnersPop.swift */; };
		391F8A1A2BF3412A00184CFB /* userProfile.swift in Sources */ = {isa = PBXBuildFile; fileRef = 391F8A192BF3412A00184CFB /* userProfile.swift */; };
		391F8A1C2BF3E47400184CFB /* SplashView.swift in Sources */ = {isa = PBXBuildFile; fileRef = 391F8A1B2BF3E47400184CFB /* SplashView.swift */; };
		391F8A1E2BF3FA0D00184CFB /* ExploerView2.swift in Sources */ = {isa = PBXBuildFile; fileRef = 391F8A1D2BF3FA0D00184CFB /* ExploerView2.swift */; };
		39572E432BE22E8E00384B4A /* postViewModel.swift in Sources */ = {isa = PBXBuildFile; fileRef = 39572E422BE22E8E00384B4A /* postViewModel.swift */; };
		39572E452BE22EB600384B4A /* postModel.swift in Sources */ = {isa = PBXBuildFile; fileRef = 39572E442BE22EB600384B4A /* postModel.swift */; };
		39572E472BE22F1B00384B4A /* ImagePicker.swift in Sources */ = {isa = PBXBuildFile; fileRef = 39572E462BE22F1B00384B4A /* ImagePicker.swift */; };
		39572E492BE22F4C00384B4A /* uploadPhoto.swift in Sources */ = {isa = PBXBuildFile; fileRef = 39572E482BE22F4C00384B4A /* uploadPhoto.swift */; };
		39572E4B2BE22F8300384B4A /* votePage.swift in Sources */ = {isa = PBXBuildFile; fileRef = 39572E4A2BE22F8300384B4A /* votePage.swift */; };
		39AD17F82BF1FA6F00BBFA05 /* ImageView.swift in Sources */ = {isa = PBXBuildFile; fileRef = 39AD17F72BF1FA6F00BBFA05 /* ImageView.swift */; };
		39AD17FA2BF1FA8E00BBFA05 /* GridImageView.swift in Sources */ = {isa = PBXBuildFile; fileRef = 39AD17F92BF1FA8E00BBFA05 /* GridImageView.swift */; };
		39AD17FC2BF1FEB800BBFA05 /* votePop.swift in Sources */ = {isa = PBXBuildFile; fileRef = 39AD17FB2BF1FEB800BBFA05 /* votePop.swift */; };
		39AD17FE2BF1FF7500BBFA05 /* todayPhotoChallenge.swift in Sources */ = {isa = PBXBuildFile; fileRef = 39AD17FD2BF1FF7500BBFA05 /* todayPhotoChallenge.swift */; };
		903DEE3C2BE78F2B008D98AB /* ExploreView.swift in Sources */ = {isa = PBXBuildFile; fileRef = 903DEE3B2BE78F2B008D98AB /* ExploreView.swift */; };
		906D92CF2BE0011400E2E1F5 /* AddingPointsView.swift in Sources */ = {isa = PBXBuildFile; fileRef = 906D92CE2BE0011400E2E1F5 /* AddingPointsView.swift */; };
		906D92D32BE0CD6900E2E1F5 /* ChallengeModel.swift in Sources */ = {isa = PBXBuildFile; fileRef = 906D92D22BE0CD6900E2E1F5 /* ChallengeModel.swift */; };
		907D045D2BE14FF7006AF67A /* ChallengeViewModel.swift in Sources */ = {isa = PBXBuildFile; fileRef = 907D045C2BE14FF7006AF67A /* ChallengeViewModel.swift */; };
		907D045F2BE167FB006AF67A /* ChallengeView.swift in Sources */ = {isa = PBXBuildFile; fileRef = 907D045E2BE167FB006AF67A /* ChallengeView.swift */; };
		907D04612BE18462006AF67A /* Date.swift in Sources */ = {isa = PBXBuildFile; fileRef = 907D04602BE18462006AF67A /* Date.swift */; };
		908AAD7B2BDEBF3E00D3DBF9 /* CloudKidGameCenterTestApp.swift in Sources */ = {isa = PBXBuildFile; fileRef = 908AAD7A2BDEBF3E00D3DBF9 /* CloudKidGameCenterTestApp.swift */; };
		908AAD7D2BDEBF3E00D3DBF9 /* ContentView.swift in Sources */ = {isa = PBXBuildFile; fileRef = 908AAD7C2BDEBF3E00D3DBF9 /* ContentView.swift */; };
		908AAD7F2BDEBF3F00D3DBF9 /* Assets.xcassets in Resources */ = {isa = PBXBuildFile; fileRef = 908AAD7E2BDEBF3F00D3DBF9 /* Assets.xcassets */; };
		908AAD822BDEBF3F00D3DBF9 /* Preview Assets.xcassets in Resources */ = {isa = PBXBuildFile; fileRef = 908AAD812BDEBF3F00D3DBF9 /* Preview Assets.xcassets */; };
		9090FA712BFA695700DCB592 /* ChallengepopView.swift in Sources */ = {isa = PBXBuildFile; fileRef = 9090FA702BFA695700DCB592 /* ChallengepopView.swift */; };
/* End PBXBuildFile section */

/* Begin PBXFileReference section */
		3908F4EC2BF92A5A0045C455 /* exploreCard.swift */ = {isa = PBXFileReference; lastKnownFileType = sourcecode.swift; path = exploreCard.swift; sourceTree = "<group>"; };
		3908F4F12BF92F350045C455 /* Onboarding.swift */ = {isa = PBXFileReference; lastKnownFileType = sourcecode.swift; path = Onboarding.swift; sourceTree = "<group>"; };
		3908F4F32BF92FAD0045C455 /* NewPage.swift */ = {isa = PBXFileReference; lastKnownFileType = sourcecode.swift; path = NewPage.swift; sourceTree = "<group>"; };
		3908F4F62BF9305B0045C455 /* Logo3.GIF */ = {isa = PBXFileReference; lastKnownFileType = image.gif; path = Logo3.GIF; sourceTree = "<group>"; };
		3908F4F72BF9305C0045C455 /* Logo4.GIF */ = {isa = PBXFileReference; lastKnownFileType = image.gif; path = Logo4.GIF; sourceTree = "<group>"; };
		3908F4FB2BF930DA0045C455 /* CloudKitHelper.swift */ = {isa = PBXFileReference; lastKnownFileType = sourcecode.swift; path = CloudKitHelper.swift; sourceTree = "<group>"; };
		391F8A172BF33F5500184CFB /* winnersPop.swift */ = {isa = PBXFileReference; lastKnownFileType = sourcecode.swift; path = winnersPop.swift; sourceTree = "<group>"; };
		391F8A192BF3412A00184CFB /* userProfile.swift */ = {isa = PBXFileReference; lastKnownFileType = sourcecode.swift; path = userProfile.swift; sourceTree = "<group>"; };
		391F8A1B2BF3E47400184CFB /* SplashView.swift */ = {isa = PBXFileReference; lastKnownFileType = sourcecode.swift; path = SplashView.swift; sourceTree = "<group>"; };
		391F8A1D2BF3FA0D00184CFB /* ExploerView2.swift */ = {isa = PBXFileReference; lastKnownFileType = sourcecode.swift; path = ExploerView2.swift; sourceTree = "<group>"; };
		39572E422BE22E8E00384B4A /* postViewModel.swift */ = {isa = PBXFileReference; lastKnownFileType = sourcecode.swift; path = postViewModel.swift; sourceTree = "<group>"; };
		39572E442BE22EB600384B4A /* postModel.swift */ = {isa = PBXFileReference; lastKnownFileType = sourcecode.swift; path = postModel.swift; sourceTree = "<group>"; };
		39572E462BE22F1B00384B4A /* ImagePicker.swift */ = {isa = PBXFileReference; lastKnownFileType = sourcecode.swift; path = ImagePicker.swift; sourceTree = "<group>"; };
		39572E482BE22F4C00384B4A /* uploadPhoto.swift */ = {isa = PBXFileReference; lastKnownFileType = sourcecode.swift; path = uploadPhoto.swift; sourceTree = "<group>"; };
		39572E4A2BE22F8300384B4A /* votePage.swift */ = {isa = PBXFileReference; lastKnownFileType = sourcecode.swift; path = votePage.swift; sourceTree = "<group>"; };
		39AD17F72BF1FA6F00BBFA05 /* ImageView.swift */ = {isa = PBXFileReference; lastKnownFileType = sourcecode.swift; path = ImageView.swift; sourceTree = "<group>"; };
		39AD17F92BF1FA8E00BBFA05 /* GridImageView.swift */ = {isa = PBXFileReference; lastKnownFileType = sourcecode.swift; path = GridImageView.swift; sourceTree = "<group>"; };
		39AD17FB2BF1FEB800BBFA05 /* votePop.swift */ = {isa = PBXFileReference; lastKnownFileType = sourcecode.swift; path = votePop.swift; sourceTree = "<group>"; };
		39AD17FD2BF1FF7500BBFA05 /* todayPhotoChallenge.swift */ = {isa = PBXFileReference; lastKnownFileType = sourcecode.swift; path = todayPhotoChallenge.swift; sourceTree = "<group>"; };
		903DEE3B2BE78F2B008D98AB /* ExploreView.swift */ = {isa = PBXFileReference; lastKnownFileType = sourcecode.swift; path = ExploreView.swift; sourceTree = "<group>"; };
		906D92CE2BE0011400E2E1F5 /* AddingPointsView.swift */ = {isa = PBXFileReference; lastKnownFileType = sourcecode.swift; path = AddingPointsView.swift; sourceTree = "<group>"; };
		906D92D22BE0CD6900E2E1F5 /* ChallengeModel.swift */ = {isa = PBXFileReference; lastKnownFileType = sourcecode.swift; path = ChallengeModel.swift; sourceTree = "<group>"; };
		907D045C2BE14FF7006AF67A /* ChallengeViewModel.swift */ = {isa = PBXFileReference; lastKnownFileType = sourcecode.swift; path = ChallengeViewModel.swift; sourceTree = "<group>"; };
		907D045E2BE167FB006AF67A /* ChallengeView.swift */ = {isa = PBXFileReference; lastKnownFileType = sourcecode.swift; path = ChallengeView.swift; sourceTree = "<group>"; };
		907D04602BE18462006AF67A /* Date.swift */ = {isa = PBXFileReference; lastKnownFileType = sourcecode.swift; path = Date.swift; sourceTree = "<group>"; };
		908AAD772BDEBF3E00D3DBF9 /* CloudKidGameCenterTest.app */ = {isa = PBXFileReference; explicitFileType = wrapper.application; includeInIndex = 0; path = CloudKidGameCenterTest.app; sourceTree = BUILT_PRODUCTS_DIR; };
		908AAD7A2BDEBF3E00D3DBF9 /* CloudKidGameCenterTestApp.swift */ = {isa = PBXFileReference; lastKnownFileType = sourcecode.swift; path = CloudKidGameCenterTestApp.swift; sourceTree = "<group>"; };
		908AAD7C2BDEBF3E00D3DBF9 /* ContentView.swift */ = {isa = PBXFileReference; lastKnownFileType = sourcecode.swift; path = ContentView.swift; sourceTree = "<group>"; };
		908AAD7E2BDEBF3F00D3DBF9 /* Assets.xcassets */ = {isa = PBXFileReference; lastKnownFileType = folder.assetcatalog; path = Assets.xcassets; sourceTree = "<group>"; };
		908AAD812BDEBF3F00D3DBF9 /* Preview Assets.xcassets */ = {isa = PBXFileReference; lastKnownFileType = folder.assetcatalog; path = "Preview Assets.xcassets"; sourceTree = "<group>"; };
		908AAD892BDEFC5D00D3DBF9 /* CloudKidGameCenterTest.entitlements */ = {isa = PBXFileReference; fileEncoding = 4; lastKnownFileType = text.plist.entitlements; name = CloudKidGameCenterTest.entitlements; path = CloudKidGameCenterTest/CloudKidGameCenterTest.entitlements; sourceTree = SOURCE_ROOT; };
		9090FA702BFA695700DCB592 /* ChallengepopView.swift */ = {isa = PBXFileReference; lastKnownFileType = sourcecode.swift; path = ChallengepopView.swift; sourceTree = "<group>"; };
/* End PBXFileReference section */

/* Begin PBXFrameworksBuildPhase section */
		908AAD742BDEBF3E00D3DBF9 /* Frameworks */ = {
			isa = PBXFrameworksBuildPhase;
			buildActionMask = 2147483647;
			files = (
				3908F4F02BF92F150045C455 /* SDWebImageSwiftUI in Frameworks */,
			);
			runOnlyForDeploymentPostprocessing = 0;
		};
/* End PBXFrameworksBuildPhase section */

/* Begin PBXGroup section */
		3908F4F52BF92FCD0045C455 /* GIF */ = {
			isa = PBXGroup;
			children = (
				3908F4F62BF9305B0045C455 /* Logo3.GIF */,
				3908F4F72BF9305C0045C455 /* Logo4.GIF */,
			);
			path = GIF;
			sourceTree = "<group>";
		};
		3908F4FA2BF930C10045C455 /* Helper */ = {
			isa = PBXGroup;
			children = (
				3908F4FB2BF930DA0045C455 /* CloudKitHelper.swift */,
			);
			path = Helper;
			sourceTree = "<group>";
		};
		905788C42BE21932009C1747 /* Model */ = {
			isa = PBXGroup;
			children = (
				907D04602BE18462006AF67A /* Date.swift */,
				906D92D22BE0CD6900E2E1F5 /* ChallengeModel.swift */,
				39572E442BE22EB600384B4A /* postModel.swift */,
			);
			path = Model;
			sourceTree = "<group>";
		};
		905788C52BE21943009C1747 /* ModelView */ = {
			isa = PBXGroup;
			children = (
				907D045C2BE14FF7006AF67A /* ChallengeViewModel.swift */,
				39572E422BE22E8E00384B4A /* postViewModel.swift */,
			);
			path = ModelView;
			sourceTree = "<group>";
		};
		905788C62BE21997009C1747 /* View */ = {
			isa = PBXGroup;
			children = (
				3908F4F52BF92FCD0045C455 /* GIF */,
				907D045E2BE167FB006AF67A /* ChallengeView.swift */,
				906D92CE2BE0011400E2E1F5 /* AddingPointsView.swift */,
				908AAD7C2BDEBF3E00D3DBF9 /* ContentView.swift */,
				39572E462BE22F1B00384B4A /* ImagePicker.swift */,
				39572E482BE22F4C00384B4A /* uploadPhoto.swift */,
				39572E4A2BE22F8300384B4A /* votePage.swift */,
				39AD17FB2BF1FEB800BBFA05 /* votePop.swift */,
				39AD17FD2BF1FF7500BBFA05 /* todayPhotoChallenge.swift */,
				39AD17F72BF1FA6F00BBFA05 /* ImageView.swift */,
				39AD17F92BF1FA8E00BBFA05 /* GridImageView.swift */,
				903DEE3B2BE78F2B008D98AB /* ExploreView.swift */,
				3908F4EC2BF92A5A0045C455 /* exploreCard.swift */,
				391F8A1D2BF3FA0D00184CFB /* ExploerView2.swift */,
				391F8A172BF33F5500184CFB /* winnersPop.swift */,
				391F8A192BF3412A00184CFB /* userProfile.swift */,
				391F8A1B2BF3E47400184CFB /* SplashView.swift */,
				3908F4F12BF92F350045C455 /* Onboarding.swift */,
				3908F4F32BF92FAD0045C455 /* NewPage.swift */,
				9090FA702BFA695700DCB592 /* ChallengepopView.swift */,
			);
			path = View;
			sourceTree = "<group>";
		};
		908AAD6E2BDEBF3E00D3DBF9 = {
			isa = PBXGroup;
			children = (
				3908F4FA2BF930C10045C455 /* Helper */,
				905788C62BE21997009C1747 /* View */,
				905788C52BE21943009C1747 /* ModelView */,
				905788C42BE21932009C1747 /* Model */,
				908AAD792BDEBF3E00D3DBF9 /* CloudKidGameCenterTest */,
				908AAD782BDEBF3E00D3DBF9 /* Products */,
			);
			sourceTree = "<group>";
		};
		908AAD782BDEBF3E00D3DBF9 /* Products */ = {
			isa = PBXGroup;
			children = (
				908AAD772BDEBF3E00D3DBF9 /* CloudKidGameCenterTest.app */,
			);
			name = Products;
			sourceTree = "<group>";
		};
		908AAD792BDEBF3E00D3DBF9 /* CloudKidGameCenterTest */ = {
			isa = PBXGroup;
			children = (
				908AAD7A2BDEBF3E00D3DBF9 /* CloudKidGameCenterTestApp.swift */,
				908AAD892BDEFC5D00D3DBF9 /* CloudKidGameCenterTest.entitlements */,
				908AAD7E2BDEBF3F00D3DBF9 /* Assets.xcassets */,
				908AAD802BDEBF3F00D3DBF9 /* Preview Content */,
			);
			path = CloudKidGameCenterTest;
			sourceTree = "<group>";
		};
		908AAD802BDEBF3F00D3DBF9 /* Preview Content */ = {
			isa = PBXGroup;
			children = (
				908AAD812BDEBF3F00D3DBF9 /* Preview Assets.xcassets */,
			);
			path = "Preview Content";
			sourceTree = "<group>";
		};
/* End PBXGroup section */

/* Begin PBXNativeTarget section */
		908AAD762BDEBF3E00D3DBF9 /* CloudKidGameCenterTest */ = {
			isa = PBXNativeTarget;
			buildConfigurationList = 908AAD852BDEBF3F00D3DBF9 /* Build configuration list for PBXNativeTarget "CloudKidGameCenterTest" */;
			buildPhases = (
				908AAD732BDEBF3E00D3DBF9 /* Sources */,
				908AAD742BDEBF3E00D3DBF9 /* Frameworks */,
				908AAD752BDEBF3E00D3DBF9 /* Resources */,
			);
			buildRules = (
			);
			dependencies = (
			);
			name = CloudKidGameCenterTest;
			packageProductDependencies = (
				3908F4EF2BF92F150045C455 /* SDWebImageSwiftUI */,
			);
			productName = CloudKidGameCenterTest;
			productReference = 908AAD772BDEBF3E00D3DBF9 /* CloudKidGameCenterTest.app */;
			productType = "com.apple.product-type.application";
		};
/* End PBXNativeTarget section */

/* Begin PBXProject section */
		908AAD6F2BDEBF3E00D3DBF9 /* Project object */ = {
			isa = PBXProject;
			attributes = {
				BuildIndependentTargetsInParallel = 1;
				LastSwiftUpdateCheck = 1530;
				LastUpgradeCheck = 1530;
				TargetAttributes = {
					908AAD762BDEBF3E00D3DBF9 = {
						CreatedOnToolsVersion = 15.3;
					};
				};
			};
			buildConfigurationList = 908AAD722BDEBF3E00D3DBF9 /* Build configuration list for PBXProject "CloudKidGameCenterTest" */;
			compatibilityVersion = "Xcode 14.0";
			developmentRegion = en;
			hasScannedForEncodings = 0;
			knownRegions = (
				en,
				Base,
			);
			mainGroup = 908AAD6E2BDEBF3E00D3DBF9;
			packageReferences = (
				3908F4EE2BF92F150045C455 /* XCRemoteSwiftPackageReference "SDWebImageSwiftUI" */,
			);
			productRefGroup = 908AAD782BDEBF3E00D3DBF9 /* Products */;
			projectDirPath = "";
			projectRoot = "";
			targets = (
				908AAD762BDEBF3E00D3DBF9 /* CloudKidGameCenterTest */,
			);
		};
/* End PBXProject section */

/* Begin PBXResourcesBuildPhase section */
		908AAD752BDEBF3E00D3DBF9 /* Resources */ = {
			isa = PBXResourcesBuildPhase;
			buildActionMask = 2147483647;
			files = (
				908AAD822BDEBF3F00D3DBF9 /* Preview Assets.xcassets in Resources */,
				908AAD7F2BDEBF3F00D3DBF9 /* Assets.xcassets in Resources */,
				3908F4F92BF9305C0045C455 /* Logo4.GIF in Resources */,
				3908F4F82BF9305C0045C455 /* Logo3.GIF in Resources */,
			);
			runOnlyForDeploymentPostprocessing = 0;
		};
/* End PBXResourcesBuildPhase section */

/* Begin PBXSourcesBuildPhase section */
		908AAD732BDEBF3E00D3DBF9 /* Sources */ = {
			isa = PBXSourcesBuildPhase;
			buildActionMask = 2147483647;
			files = (
				391F8A1A2BF3412A00184CFB /* userProfile.swift in Sources */,
				39572E432BE22E8E00384B4A /* postViewModel.swift in Sources */,
				908AAD7D2BDEBF3E00D3DBF9 /* ContentView.swift in Sources */,
				3908F4FC2BF930DA0045C455 /* CloudKitHelper.swift in Sources */,
				907D045F2BE167FB006AF67A /* ChallengeView.swift in Sources */,
				907D04612BE18462006AF67A /* Date.swift in Sources */,
				39572E452BE22EB600384B4A /* postModel.swift in Sources */,
				39AD17FC2BF1FEB800BBFA05 /* votePop.swift in Sources */,
				9090FA712BFA695700DCB592 /* ChallengepopView.swift in Sources */,
				391F8A1E2BF3FA0D00184CFB /* ExploerView2.swift in Sources */,
				39AD17FE2BF1FF7500BBFA05 /* todayPhotoChallenge.swift in Sources */,
				906D92CF2BE0011400E2E1F5 /* AddingPointsView.swift in Sources */,
				908AAD7B2BDEBF3E00D3DBF9 /* CloudKidGameCenterTestApp.swift in Sources */,
				903DEE3C2BE78F2B008D98AB /* ExploreView.swift in Sources */,
				39572E472BE22F1B00384B4A /* ImagePicker.swift in Sources */,
				39572E4B2BE22F8300384B4A /* votePage.swift in Sources */,
				39572E492BE22F4C00384B4A /* uploadPhoto.swift in Sources */,
				907D045D2BE14FF7006AF67A /* ChallengeViewModel.swift in Sources */,
				391F8A182BF33F5500184CFB /* winnersPop.swift in Sources */,
				39AD17F82BF1FA6F00BBFA05 /* ImageView.swift in Sources */,
				391F8A1C2BF3E47400184CFB /* SplashView.swift in Sources */,
				3908F4F22BF92F350045C455 /* Onboarding.swift in Sources */,
				3908F4ED2BF92A5A0045C455 /* exploreCard.swift in Sources */,
				39AD17FA2BF1FA8E00BBFA05 /* GridImageView.swift in Sources */,
				906D92D32BE0CD6900E2E1F5 /* ChallengeModel.swift in Sources */,
				3908F4F42BF92FAD0045C455 /* NewPage.swift in Sources */,
			);
			runOnlyForDeploymentPostprocessing = 0;
		};
/* End PBXSourcesBuildPhase section */

/* Begin XCBuildConfiguration section */
		908AAD832BDEBF3F00D3DBF9 /* Debug */ = {
			isa = XCBuildConfiguration;
			buildSettings = {
				ALWAYS_SEARCH_USER_PATHS = NO;
				ASSETCATALOG_COMPILER_GENERATE_SWIFT_ASSET_SYMBOL_EXTENSIONS = YES;
				CLANG_ANALYZER_NONNULL = YES;
				CLANG_ANALYZER_NUMBER_OBJECT_CONVERSION = YES_AGGRESSIVE;
				CLANG_CXX_LANGUAGE_STANDARD = "gnu++20";
				CLANG_ENABLE_MODULES = YES;
				CLANG_ENABLE_OBJC_ARC = YES;
				CLANG_ENABLE_OBJC_WEAK = YES;
				CLANG_WARN_BLOCK_CAPTURE_AUTORELEASING = YES;
				CLANG_WARN_BOOL_CONVERSION = YES;
				CLANG_WARN_COMMA = YES;
				CLANG_WARN_CONSTANT_CONVERSION = YES;
				CLANG_WARN_DEPRECATED_OBJC_IMPLEMENTATIONS = YES;
				CLANG_WARN_DIRECT_OBJC_ISA_USAGE = YES_ERROR;
				CLANG_WARN_DOCUMENTATION_COMMENTS = YES;
				CLANG_WARN_EMPTY_BODY = YES;
				CLANG_WARN_ENUM_CONVERSION = YES;
				CLANG_WARN_INFINITE_RECURSION = YES;
				CLANG_WARN_INT_CONVERSION = YES;
				CLANG_WARN_NON_LITERAL_NULL_CONVERSION = YES;
				CLANG_WARN_OBJC_IMPLICIT_RETAIN_SELF = YES;
				CLANG_WARN_OBJC_LITERAL_CONVERSION = YES;
				CLANG_WARN_OBJC_ROOT_CLASS = YES_ERROR;
				CLANG_WARN_QUOTED_INCLUDE_IN_FRAMEWORK_HEADER = YES;
				CLANG_WARN_RANGE_LOOP_ANALYSIS = YES;
				CLANG_WARN_STRICT_PROTOTYPES = YES;
				CLANG_WARN_SUSPICIOUS_MOVE = YES;
				CLANG_WARN_UNGUARDED_AVAILABILITY = YES_AGGRESSIVE;
				CLANG_WARN_UNREACHABLE_CODE = YES;
				CLANG_WARN__DUPLICATE_METHOD_MATCH = YES;
				COPY_PHASE_STRIP = NO;
				DEBUG_INFORMATION_FORMAT = dwarf;
				ENABLE_STRICT_OBJC_MSGSEND = YES;
				ENABLE_TESTABILITY = YES;
				ENABLE_USER_SCRIPT_SANDBOXING = YES;
				GCC_C_LANGUAGE_STANDARD = gnu17;
				GCC_DYNAMIC_NO_PIC = NO;
				GCC_NO_COMMON_BLOCKS = YES;
				GCC_OPTIMIZATION_LEVEL = 0;
				GCC_PREPROCESSOR_DEFINITIONS = (
					"DEBUG=1",
					"$(inherited)",
				);
				GCC_WARN_64_TO_32_BIT_CONVERSION = YES;
				GCC_WARN_ABOUT_RETURN_TYPE = YES_ERROR;
				GCC_WARN_UNDECLARED_SELECTOR = YES;
				GCC_WARN_UNINITIALIZED_AUTOS = YES_AGGRESSIVE;
				GCC_WARN_UNUSED_FUNCTION = YES;
				GCC_WARN_UNUSED_VARIABLE = YES;
				IPHONEOS_DEPLOYMENT_TARGET = 17.4;
				LOCALIZATION_PREFERS_STRING_CATALOGS = YES;
				MTL_ENABLE_DEBUG_INFO = INCLUDE_SOURCE;
				MTL_FAST_MATH = YES;
				ONLY_ACTIVE_ARCH = YES;
				SDKROOT = iphoneos;
				SWIFT_ACTIVE_COMPILATION_CONDITIONS = "DEBUG $(inherited)";
				SWIFT_OPTIMIZATION_LEVEL = "-Onone";
			};
			name = Debug;
		};
		908AAD842BDEBF3F00D3DBF9 /* Release */ = {
			isa = XCBuildConfiguration;
			buildSettings = {
				ALWAYS_SEARCH_USER_PATHS = NO;
				ASSETCATALOG_COMPILER_GENERATE_SWIFT_ASSET_SYMBOL_EXTENSIONS = YES;
				CLANG_ANALYZER_NONNULL = YES;
				CLANG_ANALYZER_NUMBER_OBJECT_CONVERSION = YES_AGGRESSIVE;
				CLANG_CXX_LANGUAGE_STANDARD = "gnu++20";
				CLANG_ENABLE_MODULES = YES;
				CLANG_ENABLE_OBJC_ARC = YES;
				CLANG_ENABLE_OBJC_WEAK = YES;
				CLANG_WARN_BLOCK_CAPTURE_AUTORELEASING = YES;
				CLANG_WARN_BOOL_CONVERSION = YES;
				CLANG_WARN_COMMA = YES;
				CLANG_WARN_CONSTANT_CONVERSION = YES;
				CLANG_WARN_DEPRECATED_OBJC_IMPLEMENTATIONS = YES;
				CLANG_WARN_DIRECT_OBJC_ISA_USAGE = YES_ERROR;
				CLANG_WARN_DOCUMENTATION_COMMENTS = YES;
				CLANG_WARN_EMPTY_BODY = YES;
				CLANG_WARN_ENUM_CONVERSION = YES;
				CLANG_WARN_INFINITE_RECURSION = YES;
				CLANG_WARN_INT_CONVERSION = YES;
				CLANG_WARN_NON_LITERAL_NULL_CONVERSION = YES;
				CLANG_WARN_OBJC_IMPLICIT_RETAIN_SELF = YES;
				CLANG_WARN_OBJC_LITERAL_CONVERSION = YES;
				CLANG_WARN_OBJC_ROOT_CLASS = YES_ERROR;
				CLANG_WARN_QUOTED_INCLUDE_IN_FRAMEWORK_HEADER = YES;
				CLANG_WARN_RANGE_LOOP_ANALYSIS = YES;
				CLANG_WARN_STRICT_PROTOTYPES = YES;
				CLANG_WARN_SUSPICIOUS_MOVE = YES;
				CLANG_WARN_UNGUARDED_AVAILABILITY = YES_AGGRESSIVE;
				CLANG_WARN_UNREACHABLE_CODE = YES;
				CLANG_WARN__DUPLICATE_METHOD_MATCH = YES;
				COPY_PHASE_STRIP = NO;
				DEBUG_INFORMATION_FORMAT = "dwarf-with-dsym";
				ENABLE_NS_ASSERTIONS = NO;
				ENABLE_STRICT_OBJC_MSGSEND = YES;
				ENABLE_USER_SCRIPT_SANDBOXING = YES;
				GCC_C_LANGUAGE_STANDARD = gnu17;
				GCC_NO_COMMON_BLOCKS = YES;
				GCC_WARN_64_TO_32_BIT_CONVERSION = YES;
				GCC_WARN_ABOUT_RETURN_TYPE = YES_ERROR;
				GCC_WARN_UNDECLARED_SELECTOR = YES;
				GCC_WARN_UNINITIALIZED_AUTOS = YES_AGGRESSIVE;
				GCC_WARN_UNUSED_FUNCTION = YES;
				GCC_WARN_UNUSED_VARIABLE = YES;
				IPHONEOS_DEPLOYMENT_TARGET = 17.4;
				LOCALIZATION_PREFERS_STRING_CATALOGS = YES;
				MTL_ENABLE_DEBUG_INFO = NO;
				MTL_FAST_MATH = YES;
				SDKROOT = iphoneos;
				SWIFT_COMPILATION_MODE = wholemodule;
				VALIDATE_PRODUCT = YES;
			};
			name = Release;
		};
		908AAD862BDEBF3F00D3DBF9 /* Debug */ = {
			isa = XCBuildConfiguration;
			buildSettings = {
				ASSETCATALOG_COMPILER_APPICON_NAME = AppIcon;
				ASSETCATALOG_COMPILER_GLOBAL_ACCENT_COLOR_NAME = AccentColor;
				CODE_SIGN_ENTITLEMENTS = CloudKidGameCenterTest/CloudKidGameCenterTest.entitlements;
				CODE_SIGN_STYLE = Automatic;
				CURRENT_PROJECT_VERSION = 4;
				DEVELOPMENT_ASSET_PATHS = "\"CloudKidGameCenterTest/Preview Content\"";
				DEVELOPMENT_TEAM = 2S786LTF49;
				ENABLE_PREVIEWS = YES;
				GENERATE_INFOPLIST_FILE = YES;
				INFOPLIST_KEY_CFBundleDisplayName = BlazeLens;
				INFOPLIST_KEY_UIApplicationSceneManifest_Generation = YES;
				INFOPLIST_KEY_UIApplicationSupportsIndirectInputEvents = YES;
				INFOPLIST_KEY_UILaunchScreen_Generation = YES;
				INFOPLIST_KEY_UISupportedInterfaceOrientations = UIInterfaceOrientationPortrait;
				INFOPLIST_KEY_UISupportedInterfaceOrientations_iPad = "UIInterfaceOrientationLandscapeLeft UIInterfaceOrientationLandscapeRight UIInterfaceOrientationPortrait UIInterfaceOrientationPortraitUpsideDown";
				LD_RUNPATH_SEARCH_PATHS = (
					"$(inherited)",
					"@executable_path/Frameworks",
				);
				MARKETING_VERSION = 1.0.2;
				PRODUCT_BUNDLE_IDENTIFIER = l.CloudKidGameCenterTest2;
				PRODUCT_NAME = "$(TARGET_NAME)";
				SUPPORTED_PLATFORMS = "iphoneos iphonesimulator";
				SUPPORTS_MACCATALYST = NO;
				SUPPORTS_MAC_DESIGNED_FOR_IPHONE_IPAD = NO;
				SUPPORTS_XR_DESIGNED_FOR_IPHONE_IPAD = NO;
				SWIFT_EMIT_LOC_STRINGS = YES;
				SWIFT_VERSION = 5.0;
				TARGETED_DEVICE_FAMILY = 1;
			};
			name = Debug;
		};
		908AAD872BDEBF3F00D3DBF9 /* Release */ = {
			isa = XCBuildConfiguration;
			buildSettings = {
				ASSETCATALOG_COMPILER_APPICON_NAME = AppIcon;
				ASSETCATALOG_COMPILER_GLOBAL_ACCENT_COLOR_NAME = AccentColor;
				CODE_SIGN_ENTITLEMENTS = CloudKidGameCenterTest/CloudKidGameCenterTest.entitlements;
				CODE_SIGN_STYLE = Automatic;
				CURRENT_PROJECT_VERSION = 4;
				DEVELOPMENT_ASSET_PATHS = "\"CloudKidGameCenterTest/Preview Content\"";
				DEVELOPMENT_TEAM = 2S786LTF49;
				ENABLE_PREVIEWS = YES;
				GENERATE_INFOPLIST_FILE = YES;
				INFOPLIST_KEY_CFBundleDisplayName = BlazeLens;
				INFOPLIST_KEY_UIApplicationSceneManifest_Generation = YES;
				INFOPLIST_KEY_UIApplicationSupportsIndirectInputEvents = YES;
				INFOPLIST_KEY_UILaunchScreen_Generation = YES;
				INFOPLIST_KEY_UISupportedInterfaceOrientations = UIInterfaceOrientationPortrait;
				INFOPLIST_KEY_UISupportedInterfaceOrientations_iPad = "UIInterfaceOrientationLandscapeLeft UIInterfaceOrientationLandscapeRight UIInterfaceOrientationPortrait UIInterfaceOrientationPortraitUpsideDown";
				LD_RUNPATH_SEARCH_PATHS = (
					"$(inherited)",
					"@executable_path/Frameworks",
				);
				MARKETING_VERSION = 1.0.2;
				PRODUCT_BUNDLE_IDENTIFIER = l.CloudKidGameCenterTest2;
				PRODUCT_NAME = "$(TARGET_NAME)";
				SUPPORTED_PLATFORMS = "iphoneos iphonesimulator";
				SUPPORTS_MACCATALYST = NO;
				SUPPORTS_MAC_DESIGNED_FOR_IPHONE_IPAD = NO;
				SUPPORTS_XR_DESIGNED_FOR_IPHONE_IPAD = NO;
				SWIFT_EMIT_LOC_STRINGS = YES;
				SWIFT_VERSION = 5.0;
				TARGETED_DEVICE_FAMILY = 1;
			};
			name = Release;
		};
/* End XCBuildConfiguration section */

/* Begin XCConfigurationList section */
		908AAD722BDEBF3E00D3DBF9 /* Build configuration list for PBXProject "CloudKidGameCenterTest" */ = {
			isa = XCConfigurationList;
			buildConfigurations = (
				908AAD832BDEBF3F00D3DBF9 /* Debug */,
				908AAD842BDEBF3F00D3DBF9 /* Release */,
			);
			defaultConfigurationIsVisible = 0;
			defaultConfigurationName = Release;
		};
		908AAD852BDEBF3F00D3DBF9 /* Build configuration list for PBXNativeTarget "CloudKidGameCenterTest" */ = {
			isa = XCConfigurationList;
			buildConfigurations = (
				908AAD862BDEBF3F00D3DBF9 /* Debug */,
				908AAD872BDEBF3F00D3DBF9 /* Release */,
			);
			defaultConfigurationIsVisible = 0;
			defaultConfigurationName = Release;
		};
/* End XCConfigurationList section */

/* Begin XCRemoteSwiftPackageReference section */
		3908F4EE2BF92F150045C455 /* XCRemoteSwiftPackageReference "SDWebImageSwiftUI" */ = {
			isa = XCRemoteSwiftPackageReference;
			repositoryURL = "https://github.com/SDWebImage/SDWebImageSwiftUI";
			requirement = {
				kind = upToNextMajorVersion;
				minimumVersion = 3.0.4;
			};
		};
/* End XCRemoteSwiftPackageReference section */

/* Begin XCSwiftPackageProductDependency section */
		3908F4EF2BF92F150045C455 /* SDWebImageSwiftUI */ = {
			isa = XCSwiftPackageProductDependency;
			package = 3908F4EE2BF92F150045C455 /* XCRemoteSwiftPackageReference "SDWebImageSwiftUI" */;
			productName = SDWebImageSwiftUI;
		};
/* End XCSwiftPackageProductDependency section */
	};
	rootObject = 908AAD6F2BDEBF3E00D3DBF9 /* Project object */;
}
